
Microsoft Visual Studio Solution File, Format Version 12.00
# Visual Studio Version 17
VisualStudioVersion = 17.11.35208.52
MinimumVisualStudioVersion = 10.0.40219.1
Project("{FAE04EC0-301F-11D3-BF4B-00C04F79EFBC}") = "GUI", "GUI\GUI.csproj", "{C5BC5DE7-ECCA-4B29-A2AA-0E89F2FDC5AF}"
EndProject
Project("{FAE04EC0-301F-11D3-BF4B-00C04F79EFBC}") = "BLL", "BLL\BLL.csproj", "{424F3A70-1D98-4163-8522-CC45010672E6}"
EndProject
Project("{FAE04EC0-301F-11D3-BF4B-00C04F79EFBC}") = "DAL", "DAL\DAL.csproj", "{A2C53258-CD40-44C3-A113-FD70BE62EAF0}"
EndProject
Project("{FAE04EC0-301F-11D3-BF4B-00C04F79EFBC}") = "DTO", "DTO\DTO.csproj", "{064A5E0B-A922-4238-8C93-02940ECE124F}"
EndProject
Global
	GlobalSection(SolutionConfigurationPlatforms) = preSolution
		Debug|Any CPU = Debug|Any CPU
		Release|Any CPU = Release|Any CPU
	EndGlobalSection
	GlobalSection(ProjectConfigurationPlatforms) = postSolution
		{C5BC5DE7-ECCA-4B29-A2AA-0E89F2FDC5AF}.Debug|Any CPU.ActiveCfg = Debug|Any CPU
		{C5BC5DE7-ECCA-4B29-A2AA-0E89F2FDC5AF}.Debug|Any CPU.Build.0 = Debug|Any CPU
		{C5BC5DE7-ECCA-4B29-A2AA-0E89F2FDC5AF}.Release|Any CPU.ActiveCfg = Release|Any CPU
		{C5BC5DE7-ECCA-4B29-A2AA-0E89F2FDC5AF}.Release|Any CPU.Build.0 = Release|Any CPU
		{424F3A70-1D98-4163-8522-CC45010672E6}.Debug|Any CPU.ActiveCfg = Debug|Any CPU
		{424F3A70-1D98-4163-8522-CC45010672E6}.Debug|Any CPU.Build.0 = Debug|Any CPU
		{424F3A70-1D98-4163-8522-CC45010672E6}.Release|Any CPU.ActiveCfg = Release|Any CPU
		{424F3A70-1D98-4163-8522-CC45010672E6}.Release|Any CPU.Build.0 = Release|Any CPU
		{A2C53258-CD40-44C3-A113-FD70BE62EAF0}.Debug|Any CPU.ActiveCfg = Debug|Any CPU
		{A2C53258-CD40-44C3-A113-FD70BE62EAF0}.Debug|Any CPU.Build.0 = Debug|Any CPU
		{A2C53258-CD40-44C3-A113-FD70BE62EAF0}.Release|Any CPU.ActiveCfg = Release|Any CPU
		{A2C53258-CD40-44C3-A113-FD70BE62EAF0}.Release|Any CPU.Build.0 = Release|Any CPU
		{064A5E0B-A922-4238-8C93-02940ECE124F}.Debug|Any CPU.ActiveCfg = Debug|Any CPU
		{064A5E0B-A922-4238-8C93-02940ECE124F}.Debug|Any CPU.Build.0 = Debug|Any CPU
		{064A5E0B-A922-4238-8C93-02940ECE124F}.Release|Any CPU.ActiveCfg = Release|Any CPU
		{064A5E0B-A922-4238-8C93-02940ECE124F}.Release|Any CPU.Build.0 = Release|Any CPU
	EndGlobalSection
	GlobalSection(SolutionProperties) = preSolution
		HideSolutionNode = FALSE
	EndGlobalSection
	GlobalSection(ExtensibilityGlobals) = postSolution
		SolutionGuid = {1DC114EE-2D55-47B0-A439-D28F2548A5E0}
	EndGlobalSection
EndGlobal
